
Microsoft Visual Studio Solution File, Format Version 12.00
# Visual Studio Version 17
VisualStudioVersion = 17.8.34525.116
MinimumVisualStudioVersion = 10.0.40219.1
Project("{9A19103F-16F7-4668-BE54-9A1E7A4F7556}") = "main", "main.csproj", "{8017CE1E-6A10-481F-9E08-6FEE98FBB6A2}"
EndProject
Global
	GlobalSection(SolutionConfigurationPlatforms) = preSolution
		Debug|Any CPU = Debug|Any CPU
		Release|Any CPU = Release|Any CPU
	EndGlobalSection
	GlobalSection(ProjectConfigurationPlatforms) = postSolution
		{8017CE1E-6A10-481F-9E08-6FEE98FBB6A2}.Debug|Any CPU.ActiveCfg = Debug|Any CPU
		{8017CE1E-6A10-481F-9E08-6FEE98FBB6A2}.Debug|Any CPU.Build.0 = Debug|Any CPU
		{8017CE1E-6A10-481F-9E08-6FEE98FBB6A2}.Release|Any CPU.ActiveCfg = Release|Any CPU
		{8017CE1E-6A10-481F-9E08-6FEE98FBB6A2}.Release|Any CPU.Build.0 = Release|Any CPU
	EndGlobalSection
	GlobalSection(SolutionProperties) = preSolution
		HideSolutionNode = FALSE
	EndGlobalSection
	GlobalSection(ExtensibilityGlobals) = postSolution
		SolutionGuid = {493B8F78-6781-4506-9C41-76E90D41ECE3}
	EndGlobalSection
EndGlobal
